
Microsoft Visual Studio Solution File, Format Version 12.00
# Visual Studio Version 16
VisualStudioVersion = 16.0.31624.102
MinimumVisualStudioVersion = 10.0.40219.1
Project("{FAE04EC0-301F-11D3-BF4B-00C04F79EFBC}") = "CRUD --MVC --NET 5", "CRUD --MVC --NET 5\CRUD --MVC --NET 5.csproj", "{B668B39F-3C49-4036-B6E1-52B5FCD3F7BC}"
EndProject
Global
	GlobalSection(SolutionConfigurationPlatforms) = preSolution
		Debug|Any CPU = Debug|Any CPU
		Release|Any CPU = Release|Any CPU
	EndGlobalSection
	GlobalSection(ProjectConfigurationPlatforms) = postSolution
		{B668B39F-3C49-4036-B6E1-52B5FCD3F7BC}.Debug|Any CPU.ActiveCfg = Debug|Any CPU
		{B668B39F-3C49-4036-B6E1-52B5FCD3F7BC}.Debug|Any CPU.Build.0 = Debug|Any CPU
		{B668B39F-3C49-4036-B6E1-52B5FCD3F7BC}.Release|Any CPU.ActiveCfg = Release|Any CPU
		{B668B39F-3C49-4036-B6E1-52B5FCD3F7BC}.Release|Any CPU.Build.0 = Release|Any CPU
	EndGlobalSection
	GlobalSection(SolutionProperties) = preSolution
		HideSolutionNode = FALSE
	EndGlobalSection
	GlobalSection(ExtensibilityGlobals) = postSolution
		SolutionGuid = {ED8C2297-8656-47BC-96BA-55E14C0EF2B2}
	EndGlobalSection
EndGlobal
